
Microsoft Visual Studio Solution File, Format Version 12.00
# Visual Studio Version 17
VisualStudioVersion = 17.4.33213.308
MinimumVisualStudioVersion = 10.0.40219.1
Project("{FAE04EC0-301F-11D3-BF4B-00C04F79EFBC}") = "DivergentWarehouseTest", "DivergentWarehouseTest\DivergentWarehouseTest.csproj", "{3E6DD1C4-B7BF-45B9-8393-EECC2A29572A}"
EndProject
Global
	GlobalSection(SolutionConfigurationPlatforms) = preSolution
		Debug|Any CPU = Debug|Any CPU
		Release|Any CPU = Release|Any CPU
	EndGlobalSection
	GlobalSection(ProjectConfigurationPlatforms) = postSolution
		{3E6DD1C4-B7BF-45B9-8393-EECC2A29572A}.Debug|Any CPU.ActiveCfg = Debug|Any CPU
		{3E6DD1C4-B7BF-45B9-8393-EECC2A29572A}.Debug|Any CPU.Build.0 = Debug|Any CPU
		{3E6DD1C4-B7BF-45B9-8393-EECC2A29572A}.Release|Any CPU.ActiveCfg = Release|Any CPU
		{3E6DD1C4-B7BF-45B9-8393-EECC2A29572A}.Release|Any CPU.Build.0 = Release|Any CPU
	EndGlobalSection
	GlobalSection(SolutionProperties) = preSolution
		HideSolutionNode = FALSE
	EndGlobalSection
	GlobalSection(ExtensibilityGlobals) = postSolution
		SolutionGuid = {E8E9BF23-8E35-43D4-B9DE-AAF9E15901BE}
	EndGlobalSection
EndGlobal
